// !$*UTF8*$!
{
	archiveVersion = 1;
	classes = {
	};
	objectVersion = 56;
	objects = {

/* Begin PBXBuildFile section */
		29282E0A2ACECA2400D62C5B /* AppDelegate.swift in Sources */ = {isa = PBXBuildFile; fileRef = 29282E092ACECA2400D62C5B /* AppDelegate.swift */; };
		29282E132ACECA2500D62C5B /* Assets.xcassets in Resources */ = {isa = PBXBuildFile; fileRef = 29282E122ACECA2500D62C5B /* Assets.xcassets */; };
		29282E162ACECA2500D62C5B /* LaunchScreen.storyboard in Resources */ = {isa = PBXBuildFile; fileRef = 29282E142ACECA2500D62C5B /* LaunchScreen.storyboard */; };
		29282E212ACECA2500D62C5B /* oz_finance_appTests.swift in Sources */ = {isa = PBXBuildFile; fileRef = 29282E202ACECA2500D62C5B /* oz_finance_appTests.swift */; };
		29282E2B2ACECA2500D62C5B /* oz_finance_appUITests.swift in Sources */ = {isa = PBXBuildFile; fileRef = 29282E2A2ACECA2500D62C5B /* oz_finance_appUITests.swift */; };
		29282E2D2ACECA2500D62C5B /* oz_finance_appUITestsLaunchTests.swift in Sources */ = {isa = PBXBuildFile; fileRef = 29282E2C2ACECA2500D62C5B /* oz_finance_appUITestsLaunchTests.swift */; };
		29282E442ACECBF500D62C5B /* CryptoListViewController.swift in Sources */ = {isa = PBXBuildFile; fileRef = 29282E422ACECBF500D62C5B /* CryptoListViewController.swift */; };
		29282E452ACECBF500D62C5B /* CryptoListViewController.xib in Resources */ = {isa = PBXBuildFile; fileRef = 29282E432ACECBF500D62C5B /* CryptoListViewController.xib */; };
		29282E472ACEF00200D62C5B /* Endpoint.swift in Sources */ = {isa = PBXBuildFile; fileRef = 29282E462ACEF00200D62C5B /* Endpoint.swift */; };
		29282E492ACEF2CD00D62C5B /* EndpointProtocol.swift in Sources */ = {isa = PBXBuildFile; fileRef = 29282E482ACEF2CD00D62C5B /* EndpointProtocol.swift */; };
		29282E4C2ACEF45700D62C5B /* Coin.swift in Sources */ = {isa = PBXBuildFile; fileRef = 29282E4B2ACEF45700D62C5B /* Coin.swift */; };
		29282E4E2ACEF5B500D62C5B /* Stats.swift in Sources */ = {isa = PBXBuildFile; fileRef = 29282E4D2ACEF5B500D62C5B /* Stats.swift */; };
		29282E502ACEF5D300D62C5B /* CoinResponseModel.swift in Sources */ = {isa = PBXBuildFile; fileRef = 29282E4F2ACEF5D300D62C5B /* CoinResponseModel.swift */; };
		29282E542ACEF7AC00D62C5B /* ServiceManager.swift in Sources */ = {isa = PBXBuildFile; fileRef = 29282E532ACEF7AC00D62C5B /* ServiceManager.swift */; };
		29282E562ACEFA3800D62C5B /* Services.swift in Sources */ = {isa = PBXBuildFile; fileRef = 29282E552ACEFA3800D62C5B /* Services.swift */; };
		29282E5A2AD0AA2E00D62C5B /* CryptoTableCell.swift in Sources */ = {isa = PBXBuildFile; fileRef = 29282E582AD0AA2E00D62C5B /* CryptoTableCell.swift */; };
		29282E5B2AD0AA2E00D62C5B /* CryptoTableCell.xib in Resources */ = {isa = PBXBuildFile; fileRef = 29282E592AD0AA2E00D62C5B /* CryptoTableCell.xib */; };
		29282E602AD0ACC400D62C5B /* UIImageView+Ext.swift in Sources */ = {isa = PBXBuildFile; fileRef = 29282E5F2AD0ACC400D62C5B /* UIImageView+Ext.swift */; };
		29282E6F2AD0C4C900D62C5B /* SDWebImage in Frameworks */ = {isa = PBXBuildFile; productRef = 29282E6E2AD0C4C900D62C5B /* SDWebImage */; };
		29282E722AD0C68E00D62C5B /* SDWebImageSVGCoder in Frameworks */ = {isa = PBXBuildFile; productRef = 29282E712AD0C68E00D62C5B /* SDWebImageSVGCoder */; };
		29282E752AD0C7F500D62C5B /* ImageSVGDecoder.swift in Sources */ = {isa = PBXBuildFile; fileRef = 29282E742AD0C7F500D62C5B /* ImageSVGDecoder.swift */; };
		29282E772AD0D1F700D62C5B /* CryptoTableCellViewModel.swift in Sources */ = {isa = PBXBuildFile; fileRef = 29282E762AD0D1F700D62C5B /* CryptoTableCellViewModel.swift */; };
		29282E7A2AD1642E00D62C5B /* CryptoListHeaderView.xib in Resources */ = {isa = PBXBuildFile; fileRef = 29282E792AD1642E00D62C5B /* CryptoListHeaderView.xib */; };
		29282E7C2AD1644200D62C5B /* CryptoListHeaderView.swift in Sources */ = {isa = PBXBuildFile; fileRef = 29282E7B2AD1644200D62C5B /* CryptoListHeaderView.swift */; };
		29282E7F2AD1646E00D62C5B /* Reusable in Frameworks */ = {isa = PBXBuildFile; productRef = 29282E7E2AD1646E00D62C5B /* Reusable */; };
		29282E812AD1648000D62C5B /* BaseViews.swift in Sources */ = {isa = PBXBuildFile; fileRef = 29282E802AD1648000D62C5B /* BaseViews.swift */; };
		29282E852AD1658B00D62C5B /* CryptoListViewModel.swift in Sources */ = {isa = PBXBuildFile; fileRef = 29282E842AD1658B00D62C5B /* CryptoListViewModel.swift */; };
		29282E892AD17EDA00D62C5B /* UIViewController+Ext.swift in Sources */ = {isa = PBXBuildFile; fileRef = 29282E882AD17EDA00D62C5B /* UIViewController+Ext.swift */; };
		29282E8B2AD1884900D62C5B /* CryptoSortType.swift in Sources */ = {isa = PBXBuildFile; fileRef = 29282E8A2AD1884900D62C5B /* CryptoSortType.swift */; };
		29282E8F2AD19F8700D62C5B /* CryptoDetailViewController.swift in Sources */ = {isa = PBXBuildFile; fileRef = 29282E8D2AD19F8700D62C5B /* CryptoDetailViewController.swift */; };
		29282E902AD19F8700D62C5B /* CryptoDetailViewController.xib in Resources */ = {isa = PBXBuildFile; fileRef = 29282E8E2AD19F8700D62C5B /* CryptoDetailViewController.xib */; };
		29282E922AD19F9B00D62C5B /* CryptoDetailViewModel.swift in Sources */ = {isa = PBXBuildFile; fileRef = 29282E912AD19F9B00D62C5B /* CryptoDetailViewModel.swift */; };
		29282E962AD1A71400D62C5B /* NavigationItem+Ext.swift in Sources */ = {isa = PBXBuildFile; fileRef = 29282E952AD1A71400D62C5B /* NavigationItem+Ext.swift */; };
		29282E9A2AD1A8F600D62C5B /* CryptoDetailHeaderView.swift in Sources */ = {isa = PBXBuildFile; fileRef = 29282E992AD1A8F600D62C5B /* CryptoDetailHeaderView.swift */; };
		29282E9C2AD1A8FB00D62C5B /* CryptoDetailHeaderView.xib in Resources */ = {isa = PBXBuildFile; fileRef = 29282E9B2AD1A8FB00D62C5B /* CryptoDetailHeaderView.xib */; };
		29282E9E2AD1B08F00D62C5B /* NSMutableAttributedString+Ext.swift in Sources */ = {isa = PBXBuildFile; fileRef = 29282E9D2AD1B08F00D62C5B /* NSMutableAttributedString+Ext.swift */; };
		29282EA12AD1B4D400D62C5B /* CryptoDetailInfoView.swift in Sources */ = {isa = PBXBuildFile; fileRef = 29282EA02AD1B4D400D62C5B /* CryptoDetailInfoView.swift */; };
		29282EA32AD1B4DB00D62C5B /* CryptoDetailInfoView.xib in Resources */ = {isa = PBXBuildFile; fileRef = 29282EA22AD1B4DB00D62C5B /* CryptoDetailInfoView.xib */; };
		29282EAB2AD1DEF700D62C5B /* ChartTableCell.swift in Sources */ = {isa = PBXBuildFile; fileRef = 29282EA92AD1DEF700D62C5B /* ChartTableCell.swift */; };
		29282EAC2AD1DEF700D62C5B /* ChartTableCell.xib in Resources */ = {isa = PBXBuildFile; fileRef = 29282EAA2AD1DEF700D62C5B /* ChartTableCell.xib */; };
		29282EAF2AD1E18A00D62C5B /* ChartListViewController.swift in Sources */ = {isa = PBXBuildFile; fileRef = 29282EAD2AD1E18A00D62C5B /* ChartListViewController.swift */; };
		29282EB02AD1E18A00D62C5B /* ChartListViewController.xib in Resources */ = {isa = PBXBuildFile; fileRef = 29282EAE2AD1E18A00D62C5B /* ChartListViewController.xib */; };
		29282EB22AD1E2F100D62C5B /* ChartListViewModel.swift in Sources */ = {isa = PBXBuildFile; fileRef = 29282EB12AD1E2F100D62C5B /* ChartListViewModel.swift */; };
		29282EB42AD1E71E00D62C5B /* ChartTableCellViewModel.swift in Sources */ = {isa = PBXBuildFile; fileRef = 29282EB32AD1E71E00D62C5B /* ChartTableCellViewModel.swift */; };
/* End PBXBuildFile section */

/* Begin PBXContainerItemProxy section */
		29282E1D2ACECA2500D62C5B /* PBXContainerItemProxy */ = {
			isa = PBXContainerItemProxy;
			containerPortal = 29282DFE2ACECA2400D62C5B /* Project object */;
			proxyType = 1;
			remoteGlobalIDString = 29282E052ACECA2400D62C5B;
			remoteInfo = oz_finance_app;
		};
		29282E272ACECA2500D62C5B /* PBXContainerItemProxy */ = {
			isa = PBXContainerItemProxy;
			containerPortal = 29282DFE2ACECA2400D62C5B /* Project object */;
			proxyType = 1;
			remoteGlobalIDString = 29282E052ACECA2400D62C5B;
			remoteInfo = oz_finance_app;
		};
/* End PBXContainerItemProxy section */

/* Begin PBXFileReference section */
		29282E062ACECA2400D62C5B /* oz_finance_app.app */ = {isa = PBXFileReference; explicitFileType = wrapper.application; includeInIndex = 0; path = oz_finance_app.app; sourceTree = BUILT_PRODUCTS_DIR; };
		29282E092ACECA2400D62C5B /* AppDelegate.swift */ = {isa = PBXFileReference; lastKnownFileType = sourcecode.swift; path = AppDelegate.swift; sourceTree = "<group>"; };
		29282E122ACECA2500D62C5B /* Assets.xcassets */ = {isa = PBXFileReference; lastKnownFileType = folder.assetcatalog; path = Assets.xcassets; sourceTree = "<group>"; };
		29282E152ACECA2500D62C5B /* Base */ = {isa = PBXFileReference; lastKnownFileType = file.storyboard; name = Base; path = Base.lproj/LaunchScreen.storyboard; sourceTree = "<group>"; };
		29282E172ACECA2500D62C5B /* Info.plist */ = {isa = PBXFileReference; lastKnownFileType = text.plist.xml; path = Info.plist; sourceTree = "<group>"; };
		29282E1C2ACECA2500D62C5B /* oz_finance_appTests.xctest */ = {isa = PBXFileReference; explicitFileType = wrapper.cfbundle; includeInIndex = 0; path = oz_finance_appTests.xctest; sourceTree = BUILT_PRODUCTS_DIR; };
		29282E202ACECA2500D62C5B /* oz_finance_appTests.swift */ = {isa = PBXFileReference; lastKnownFileType = sourcecode.swift; path = oz_finance_appTests.swift; sourceTree = "<group>"; };
		29282E262ACECA2500D62C5B /* oz_finance_appUITests.xctest */ = {isa = PBXFileReference; explicitFileType = wrapper.cfbundle; includeInIndex = 0; path = oz_finance_appUITests.xctest; sourceTree = BUILT_PRODUCTS_DIR; };
		29282E2A2ACECA2500D62C5B /* oz_finance_appUITests.swift */ = {isa = PBXFileReference; lastKnownFileType = sourcecode.swift; path = oz_finance_appUITests.swift; sourceTree = "<group>"; };
		29282E2C2ACECA2500D62C5B /* oz_finance_appUITestsLaunchTests.swift */ = {isa = PBXFileReference; lastKnownFileType = sourcecode.swift; path = oz_finance_appUITestsLaunchTests.swift; sourceTree = "<group>"; };
		29282E422ACECBF500D62C5B /* CryptoListViewController.swift */ = {isa = PBXFileReference; lastKnownFileType = sourcecode.swift; path = CryptoListViewController.swift; sourceTree = "<group>"; };
		29282E432ACECBF500D62C5B /* CryptoListViewController.xib */ = {isa = PBXFileReference; lastKnownFileType = file.xib; path = CryptoListViewController.xib; sourceTree = "<group>"; };
		29282E462ACEF00200D62C5B /* Endpoint.swift */ = {isa = PBXFileReference; lastKnownFileType = sourcecode.swift; path = Endpoint.swift; sourceTree = "<group>"; };
		29282E482ACEF2CD00D62C5B /* EndpointProtocol.swift */ = {isa = PBXFileReference; lastKnownFileType = sourcecode.swift; path = EndpointProtocol.swift; sourceTree = "<group>"; };
		29282E4B2ACEF45700D62C5B /* Coin.swift */ = {isa = PBXFileReference; lastKnownFileType = sourcecode.swift; path = Coin.swift; sourceTree = "<group>"; };
		29282E4D2ACEF5B500D62C5B /* Stats.swift */ = {isa = PBXFileReference; lastKnownFileType = sourcecode.swift; path = Stats.swift; sourceTree = "<group>"; };
		29282E4F2ACEF5D300D62C5B /* CoinResponseModel.swift */ = {isa = PBXFileReference; lastKnownFileType = sourcecode.swift; path = CoinResponseModel.swift; sourceTree = "<group>"; };
		29282E532ACEF7AC00D62C5B /* ServiceManager.swift */ = {isa = PBXFileReference; lastKnownFileType = sourcecode.swift; path = ServiceManager.swift; sourceTree = "<group>"; };
		29282E552ACEFA3800D62C5B /* Services.swift */ = {isa = PBXFileReference; lastKnownFileType = sourcecode.swift; path = Services.swift; sourceTree = "<group>"; };
		29282E582AD0AA2E00D62C5B /* CryptoTableCell.swift */ = {isa = PBXFileReference; lastKnownFileType = sourcecode.swift; path = CryptoTableCell.swift; sourceTree = "<group>"; };
		29282E592AD0AA2E00D62C5B /* CryptoTableCell.xib */ = {isa = PBXFileReference; lastKnownFileType = file.xib; path = CryptoTableCell.xib; sourceTree = "<group>"; };
		29282E5F2AD0ACC400D62C5B /* UIImageView+Ext.swift */ = {isa = PBXFileReference; lastKnownFileType = sourcecode.swift; path = "UIImageView+Ext.swift"; sourceTree = "<group>"; };
		29282E742AD0C7F500D62C5B /* ImageSVGDecoder.swift */ = {isa = PBXFileReference; lastKnownFileType = sourcecode.swift; path = ImageSVGDecoder.swift; sourceTree = "<group>"; };
		29282E762AD0D1F700D62C5B /* CryptoTableCellViewModel.swift */ = {isa = PBXFileReference; lastKnownFileType = sourcecode.swift; path = CryptoTableCellViewModel.swift; sourceTree = "<group>"; };
		29282E792AD1642E00D62C5B /* CryptoListHeaderView.xib */ = {isa = PBXFileReference; lastKnownFileType = file.xib; path = CryptoListHeaderView.xib; sourceTree = "<group>"; };
		29282E7B2AD1644200D62C5B /* CryptoListHeaderView.swift */ = {isa = PBXFileReference; lastKnownFileType = sourcecode.swift; path = CryptoListHeaderView.swift; sourceTree = "<group>"; };
		29282E802AD1648000D62C5B /* BaseViews.swift */ = {isa = PBXFileReference; lastKnownFileType = sourcecode.swift; path = BaseViews.swift; sourceTree = "<group>"; };
		29282E842AD1658B00D62C5B /* CryptoListViewModel.swift */ = {isa = PBXFileReference; lastKnownFileType = sourcecode.swift; path = CryptoListViewModel.swift; sourceTree = "<group>"; };
		29282E882AD17EDA00D62C5B /* UIViewController+Ext.swift */ = {isa = PBXFileReference; lastKnownFileType = sourcecode.swift; path = "UIViewController+Ext.swift"; sourceTree = "<group>"; };
		29282E8A2AD1884900D62C5B /* CryptoSortType.swift */ = {isa = PBXFileReference; lastKnownFileType = sourcecode.swift; path = CryptoSortType.swift; sourceTree = "<group>"; };
		29282E8D2AD19F8700D62C5B /* CryptoDetailViewController.swift */ = {isa = PBXFileReference; lastKnownFileType = sourcecode.swift; path = CryptoDetailViewController.swift; sourceTree = "<group>"; };
		29282E8E2AD19F8700D62C5B /* CryptoDetailViewController.xib */ = {isa = PBXFileReference; lastKnownFileType = file.xib; path = CryptoDetailViewController.xib; sourceTree = "<group>"; };
		29282E912AD19F9B00D62C5B /* CryptoDetailViewModel.swift */ = {isa = PBXFileReference; lastKnownFileType = sourcecode.swift; path = CryptoDetailViewModel.swift; sourceTree = "<group>"; };
		29282E952AD1A71400D62C5B /* NavigationItem+Ext.swift */ = {isa = PBXFileReference; lastKnownFileType = sourcecode.swift; path = "NavigationItem+Ext.swift"; sourceTree = "<group>"; };
		29282E992AD1A8F600D62C5B /* CryptoDetailHeaderView.swift */ = {isa = PBXFileReference; lastKnownFileType = sourcecode.swift; path = CryptoDetailHeaderView.swift; sourceTree = "<group>"; };
		29282E9B2AD1A8FB00D62C5B /* CryptoDetailHeaderView.xib */ = {isa = PBXFileReference; lastKnownFileType = file.xib; path = CryptoDetailHeaderView.xib; sourceTree = "<group>"; };
		29282E9D2AD1B08F00D62C5B /* NSMutableAttributedString+Ext.swift */ = {isa = PBXFileReference; lastKnownFileType = sourcecode.swift; path = "NSMutableAttributedString+Ext.swift"; sourceTree = "<group>"; };
		29282EA02AD1B4D400D62C5B /* CryptoDetailInfoView.swift */ = {isa = PBXFileReference; lastKnownFileType = sourcecode.swift; path = CryptoDetailInfoView.swift; sourceTree = "<group>"; };
		29282EA22AD1B4DB00D62C5B /* CryptoDetailInfoView.xib */ = {isa = PBXFileReference; lastKnownFileType = file.xib; path = CryptoDetailInfoView.xib; sourceTree = "<group>"; };
		29282EA92AD1DEF700D62C5B /* ChartTableCell.swift */ = {isa = PBXFileReference; lastKnownFileType = sourcecode.swift; path = ChartTableCell.swift; sourceTree = "<group>"; };
		29282EAA2AD1DEF700D62C5B /* ChartTableCell.xib */ = {isa = PBXFileReference; lastKnownFileType = file.xib; path = ChartTableCell.xib; sourceTree = "<group>"; };
		29282EAD2AD1E18A00D62C5B /* ChartListViewController.swift */ = {isa = PBXFileReference; lastKnownFileType = sourcecode.swift; path = ChartListViewController.swift; sourceTree = "<group>"; };
		29282EAE2AD1E18A00D62C5B /* ChartListViewController.xib */ = {isa = PBXFileReference; lastKnownFileType = file.xib; path = ChartListViewController.xib; sourceTree = "<group>"; };
		29282EB12AD1E2F100D62C5B /* ChartListViewModel.swift */ = {isa = PBXFileReference; lastKnownFileType = sourcecode.swift; path = ChartListViewModel.swift; sourceTree = "<group>"; };
		29282EB32AD1E71E00D62C5B /* ChartTableCellViewModel.swift */ = {isa = PBXFileReference; lastKnownFileType = sourcecode.swift; path = ChartTableCellViewModel.swift; sourceTree = "<group>"; };
/* End PBXFileReference section */

/* Begin PBXFrameworksBuildPhase section */
		29282E032ACECA2400D62C5B /* Frameworks */ = {
			isa = PBXFrameworksBuildPhase;
			buildActionMask = 2147483647;
			files = (
				29282E6F2AD0C4C900D62C5B /* SDWebImage in Frameworks */,
				29282E722AD0C68E00D62C5B /* SDWebImageSVGCoder in Frameworks */,
				29282E7F2AD1646E00D62C5B /* Reusable in Frameworks */,
			);
			runOnlyForDeploymentPostprocessing = 0;
		};
		29282E192ACECA2500D62C5B /* Frameworks */ = {
			isa = PBXFrameworksBuildPhase;
			buildActionMask = 2147483647;
			files = (
			);
			runOnlyForDeploymentPostprocessing = 0;
		};
		29282E232ACECA2500D62C5B /* Frameworks */ = {
			isa = PBXFrameworksBuildPhase;
			buildActionMask = 2147483647;
			files = (
			);
			runOnlyForDeploymentPostprocessing = 0;
		};
/* End PBXFrameworksBuildPhase section */

/* Begin PBXGroup section */
		29282DFD2ACECA2400D62C5B = {
			isa = PBXGroup;
			children = (
				29282E082ACECA2400D62C5B /* oz_finance_app */,
				29282E1F2ACECA2500D62C5B /* oz_finance_appTests */,
				29282E292ACECA2500D62C5B /* oz_finance_appUITests */,
				29282E072ACECA2400D62C5B /* Products */,
			);
			sourceTree = "<group>";
		};
		29282E072ACECA2400D62C5B /* Products */ = {
			isa = PBXGroup;
			children = (
				29282E062ACECA2400D62C5B /* oz_finance_app.app */,
				29282E1C2ACECA2500D62C5B /* oz_finance_appTests.xctest */,
				29282E262ACECA2500D62C5B /* oz_finance_appUITests.xctest */,
			);
			name = Products;
			sourceTree = "<group>";
		};
		29282E082ACECA2400D62C5B /* oz_finance_app */ = {
			isa = PBXGroup;
			children = (
				29282E172ACECA2500D62C5B /* Info.plist */,
				29282E732AD0C7DC00D62C5B /* Helpers */,
				29282E3F2ACECA7200D62C5B /* App */,
				29282E3E2ACECA6800D62C5B /* Extensions */,
				29282E3D2ACECA6400D62C5B /* Managers */,
				29282E3C2ACECA5D00D62C5B /* Resources */,
				29282E3B2ACECA5700D62C5B /* Core */,
				29282E3A2ACECA5300D62C5B /* UI Components */,
				29282E392ACECA4E00D62C5B /* Screens */,
			);
			path = oz_finance_app;
			sourceTree = "<group>";
		};
		29282E1F2ACECA2500D62C5B /* oz_finance_appTests */ = {
			isa = PBXGroup;
			children = (
				29282E202ACECA2500D62C5B /* oz_finance_appTests.swift */,
			);
			path = oz_finance_appTests;
			sourceTree = "<group>";
		};
		29282E292ACECA2500D62C5B /* oz_finance_appUITests */ = {
			isa = PBXGroup;
			children = (
				29282E2A2ACECA2500D62C5B /* oz_finance_appUITests.swift */,
				29282E2C2ACECA2500D62C5B /* oz_finance_appUITestsLaunchTests.swift */,
			);
			path = oz_finance_appUITests;
			sourceTree = "<group>";
		};
		29282E392ACECA4E00D62C5B /* Screens */ = {
			isa = PBXGroup;
			children = (
				29282EA42AD1DE0A00D62C5B /* Chart */,
				29282E8C2AD19F7200D62C5B /* CryptoDetail */,
				29282E412ACECBD200D62C5B /* CryptoList */,
				29282E402ACECA9200D62C5B /* Launch */,
			);
			path = Screens;
			sourceTree = "<group>";
		};
		29282E3A2ACECA5300D62C5B /* UI Components */ = {
			isa = PBXGroup;
			children = (
				29282E802AD1648000D62C5B /* BaseViews.swift */,
				29282E782AD1641900D62C5B /* Custom Views */,
				29282E572AD0AA1200D62C5B /* Table Cells */,
			);
			path = "UI Components";
			sourceTree = "<group>";
		};
		29282E3B2ACECA5700D62C5B /* Core */ = {
			isa = PBXGroup;
			children = (
				29282E552ACEFA3800D62C5B /* Services.swift */,
				29282E532ACEF7AC00D62C5B /* ServiceManager.swift */,
				29282E512ACEF5E200D62C5B /* Endpoints */,
				29282E4A2ACEF41D00D62C5B /* Models */,
			);
			path = Core;
			sourceTree = "<group>";
		};
		29282E3C2ACECA5D00D62C5B /* Resources */ = {
			isa = PBXGroup;
			children = (
				29282E122ACECA2500D62C5B /* Assets.xcassets */,
			);
			path = Resources;
			sourceTree = "<group>";
		};
		29282E3D2ACECA6400D62C5B /* Managers */ = {
			isa = PBXGroup;
			children = (
			);
			path = Managers;
			sourceTree = "<group>";
		};
		29282E3E2ACECA6800D62C5B /* Extensions */ = {
			isa = PBXGroup;
			children = (
				29282E5F2AD0ACC400D62C5B /* UIImageView+Ext.swift */,
				29282E882AD17EDA00D62C5B /* UIViewController+Ext.swift */,
				29282E952AD1A71400D62C5B /* NavigationItem+Ext.swift */,
				29282E9D2AD1B08F00D62C5B /* NSMutableAttributedString+Ext.swift */,
			);
			path = Extensions;
			sourceTree = "<group>";
		};
		29282E3F2ACECA7200D62C5B /* App */ = {
			isa = PBXGroup;
			children = (
				29282E092ACECA2400D62C5B /* AppDelegate.swift */,
			);
			path = App;
			sourceTree = "<group>";
		};
		29282E402ACECA9200D62C5B /* Launch */ = {
			isa = PBXGroup;
			children = (
				29282E142ACECA2500D62C5B /* LaunchScreen.storyboard */,
			);
			path = Launch;
			sourceTree = "<group>";
		};
		29282E412ACECBD200D62C5B /* CryptoList */ = {
			isa = PBXGroup;
			children = (
				29282E422ACECBF500D62C5B /* CryptoListViewController.swift */,
				29282E432ACECBF500D62C5B /* CryptoListViewController.xib */,
				29282E842AD1658B00D62C5B /* CryptoListViewModel.swift */,
				29282E8A2AD1884900D62C5B /* CryptoSortType.swift */,
			);
			path = CryptoList;
			sourceTree = "<group>";
		};
		29282E4A2ACEF41D00D62C5B /* Models */ = {
			isa = PBXGroup;
			children = (
				29282E4B2ACEF45700D62C5B /* Coin.swift */,
				29282E4D2ACEF5B500D62C5B /* Stats.swift */,
				29282E4F2ACEF5D300D62C5B /* CoinResponseModel.swift */,
			);
			path = Models;
			sourceTree = "<group>";
		};
		29282E512ACEF5E200D62C5B /* Endpoints */ = {
			isa = PBXGroup;
			children = (
				29282E462ACEF00200D62C5B /* Endpoint.swift */,
				29282E482ACEF2CD00D62C5B /* EndpointProtocol.swift */,
			);
			path = Endpoints;
			sourceTree = "<group>";
		};
		29282E572AD0AA1200D62C5B /* Table Cells */ = {
			isa = PBXGroup;
			children = (
				29282EA82AD1DEE300D62C5B /* ChartCell */,
				29282EA72AD1DE2700D62C5B /* CryptoTableCell */,
			);
			path = "Table Cells";
			sourceTree = "<group>";
		};
		29282E732AD0C7DC00D62C5B /* Helpers */ = {
			isa = PBXGroup;
			children = (
				29282E742AD0C7F500D62C5B /* ImageSVGDecoder.swift */,
			);
			path = Helpers;
			sourceTree = "<group>";
		};
		29282E782AD1641900D62C5B /* Custom Views */ = {
			isa = PBXGroup;
			children = (
				29282E9F2AD1B4BA00D62C5B /* CryptoDetailInfoView */,
				29282E982AD1A8DF00D62C5B /* CryptoDetailHeader */,
				29282E972AD1A8D500D62C5B /* CryptoListHeader */,
			);
			path = "Custom Views";
			sourceTree = "<group>";
		};
		29282E8C2AD19F7200D62C5B /* CryptoDetail */ = {
			isa = PBXGroup;
			children = (
				29282E8D2AD19F8700D62C5B /* CryptoDetailViewController.swift */,
				29282E8E2AD19F8700D62C5B /* CryptoDetailViewController.xib */,
				29282E912AD19F9B00D62C5B /* CryptoDetailViewModel.swift */,
			);
			path = CryptoDetail;
			sourceTree = "<group>";
		};
		29282E972AD1A8D500D62C5B /* CryptoListHeader */ = {
			isa = PBXGroup;
			children = (
				29282E792AD1642E00D62C5B /* CryptoListHeaderView.xib */,
				29282E7B2AD1644200D62C5B /* CryptoListHeaderView.swift */,
			);
			path = CryptoListHeader;
			sourceTree = "<group>";
		};
		29282E982AD1A8DF00D62C5B /* CryptoDetailHeader */ = {
			isa = PBXGroup;
			children = (
				29282E992AD1A8F600D62C5B /* CryptoDetailHeaderView.swift */,
				29282E9B2AD1A8FB00D62C5B /* CryptoDetailHeaderView.xib */,
			);
			path = CryptoDetailHeader;
			sourceTree = "<group>";
		};
		29282E9F2AD1B4BA00D62C5B /* CryptoDetailInfoView */ = {
			isa = PBXGroup;
			children = (
				29282EA02AD1B4D400D62C5B /* CryptoDetailInfoView.swift */,
				29282EA22AD1B4DB00D62C5B /* CryptoDetailInfoView.xib */,
			);
			path = CryptoDetailInfoView;
			sourceTree = "<group>";
		};
		29282EA42AD1DE0A00D62C5B /* Chart */ = {
			isa = PBXGroup;
			children = (
				29282EAD2AD1E18A00D62C5B /* ChartListViewController.swift */,
				29282EAE2AD1E18A00D62C5B /* ChartListViewController.xib */,
				29282EB12AD1E2F100D62C5B /* ChartListViewModel.swift */,
			);
			path = Chart;
			sourceTree = "<group>";
		};
		29282EA72AD1DE2700D62C5B /* CryptoTableCell */ = {
			isa = PBXGroup;
			children = (
				29282E582AD0AA2E00D62C5B /* CryptoTableCell.swift */,
				29282E592AD0AA2E00D62C5B /* CryptoTableCell.xib */,
				29282E762AD0D1F700D62C5B /* CryptoTableCellViewModel.swift */,
			);
			path = CryptoTableCell;
			sourceTree = "<group>";
		};
		29282EA82AD1DEE300D62C5B /* ChartCell */ = {
			isa = PBXGroup;
			children = (
				29282EA92AD1DEF700D62C5B /* ChartTableCell.swift */,
				29282EAA2AD1DEF700D62C5B /* ChartTableCell.xib */,
				29282EB32AD1E71E00D62C5B /* ChartTableCellViewModel.swift */,
			);
			path = ChartCell;
			sourceTree = "<group>";
		};
/* End PBXGroup section */

/* Begin PBXNativeTarget section */
		29282E052ACECA2400D62C5B /* oz_finance_app */ = {
			isa = PBXNativeTarget;
			buildConfigurationList = 29282E302ACECA2500D62C5B /* Build configuration list for PBXNativeTarget "oz_finance_app" */;
			buildPhases = (
				29282E022ACECA2400D62C5B /* Sources */,
				29282E032ACECA2400D62C5B /* Frameworks */,
				29282E042ACECA2400D62C5B /* Resources */,
			);
			buildRules = (
			);
			dependencies = (
			);
			name = oz_finance_app;
			packageProductDependencies = (
				29282E6E2AD0C4C900D62C5B /* SDWebImage */,
				29282E712AD0C68E00D62C5B /* SDWebImageSVGCoder */,
				29282E7E2AD1646E00D62C5B /* Reusable */,
			);
			productName = oz_finance_app;
			productReference = 29282E062ACECA2400D62C5B /* oz_finance_app.app */;
			productType = "com.apple.product-type.application";
		};
		29282E1B2ACECA2500D62C5B /* oz_finance_appTests */ = {
			isa = PBXNativeTarget;
			buildConfigurationList = 29282E332ACECA2500D62C5B /* Build configuration list for PBXNativeTarget "oz_finance_appTests" */;
			buildPhases = (
				29282E182ACECA2500D62C5B /* Sources */,
				29282E192ACECA2500D62C5B /* Frameworks */,
				29282E1A2ACECA2500D62C5B /* Resources */,
			);
			buildRules = (
			);
			dependencies = (
				29282E1E2ACECA2500D62C5B /* PBXTargetDependency */,
			);
			name = oz_finance_appTests;
			productName = oz_finance_appTests;
			productReference = 29282E1C2ACECA2500D62C5B /* oz_finance_appTests.xctest */;
			productType = "com.apple.product-type.bundle.unit-test";
		};
		29282E252ACECA2500D62C5B /* oz_finance_appUITests */ = {
			isa = PBXNativeTarget;
			buildConfigurationList = 29282E362ACECA2500D62C5B /* Build configuration list for PBXNativeTarget "oz_finance_appUITests" */;
			buildPhases = (
				29282E222ACECA2500D62C5B /* Sources */,
				29282E232ACECA2500D62C5B /* Frameworks */,
				29282E242ACECA2500D62C5B /* Resources */,
			);
			buildRules = (
			);
			dependencies = (
				29282E282ACECA2500D62C5B /* PBXTargetDependency */,
			);
			name = oz_finance_appUITests;
			productName = oz_finance_appUITests;
			productReference = 29282E262ACECA2500D62C5B /* oz_finance_appUITests.xctest */;
			productType = "com.apple.product-type.bundle.ui-testing";
		};
/* End PBXNativeTarget section */

/* Begin PBXProject section */
		29282DFE2ACECA2400D62C5B /* Project object */ = {
			isa = PBXProject;
			attributes = {
				BuildIndependentTargetsInParallel = 1;
				LastSwiftUpdateCheck = 1430;
				LastUpgradeCheck = 1430;
				TargetAttributes = {
					29282E052ACECA2400D62C5B = {
						CreatedOnToolsVersion = 14.3.1;
					};
					29282E1B2ACECA2500D62C5B = {
						CreatedOnToolsVersion = 14.3.1;
						TestTargetID = 29282E052ACECA2400D62C5B;
					};
					29282E252ACECA2500D62C5B = {
						CreatedOnToolsVersion = 14.3.1;
						TestTargetID = 29282E052ACECA2400D62C5B;
					};
				};
			};
			buildConfigurationList = 29282E012ACECA2400D62C5B /* Build configuration list for PBXProject "oz_finance_app" */;
			compatibilityVersion = "Xcode 14.0";
			developmentRegion = en;
			hasScannedForEncodings = 0;
			knownRegions = (
				en,
				Base,
			);
			mainGroup = 29282DFD2ACECA2400D62C5B;
			packageReferences = (
				29282E6D2AD0C4C900D62C5B /* XCRemoteSwiftPackageReference "SDWebImage" */,
				29282E702AD0C68E00D62C5B /* XCRemoteSwiftPackageReference "SDWebImageSVGCoder" */,
				29282E7D2AD1646E00D62C5B /* XCRemoteSwiftPackageReference "Reusable" */,
			);
			productRefGroup = 29282E072ACECA2400D62C5B /* Products */;
			projectDirPath = "";
			projectRoot = "";
			targets = (
				29282E052ACECA2400D62C5B /* oz_finance_app */,
				29282E1B2ACECA2500D62C5B /* oz_finance_appTests */,
				29282E252ACECA2500D62C5B /* oz_finance_appUITests */,
			);
		};
/* End PBXProject section */

/* Begin PBXResourcesBuildPhase section */
		29282E042ACECA2400D62C5B /* Resources */ = {
			isa = PBXResourcesBuildPhase;
			buildActionMask = 2147483647;
			files = (
				29282E902AD19F8700D62C5B /* CryptoDetailViewController.xib in Resources */,
				29282EB02AD1E18A00D62C5B /* ChartListViewController.xib in Resources */,
				29282E7A2AD1642E00D62C5B /* CryptoListHeaderView.xib in Resources */,
				29282E162ACECA2500D62C5B /* LaunchScreen.storyboard in Resources */,
				29282E9C2AD1A8FB00D62C5B /* CryptoDetailHeaderView.xib in Resources */,
				29282EA32AD1B4DB00D62C5B /* CryptoDetailInfoView.xib in Resources */,
				29282E5B2AD0AA2E00D62C5B /* CryptoTableCell.xib in Resources */,
				29282E132ACECA2500D62C5B /* Assets.xcassets in Resources */,
				29282E452ACECBF500D62C5B /* CryptoListViewController.xib in Resources */,
				29282EAC2AD1DEF700D62C5B /* ChartTableCell.xib in Resources */,
			);
			runOnlyForDeploymentPostprocessing = 0;
		};
		29282E1A2ACECA2500D62C5B /* Resources */ = {
			isa = PBXResourcesBuildPhase;
			buildActionMask = 2147483647;
			files = (
			);
			runOnlyForDeploymentPostprocessing = 0;
		};
		29282E242ACECA2500D62C5B /* Resources */ = {
			isa = PBXResourcesBuildPhase;
			buildActionMask = 2147483647;
			files = (
			);
			runOnlyForDeploymentPostprocessing = 0;
		};
/* End PBXResourcesBuildPhase section */

/* Begin PBXSourcesBuildPhase section */
		29282E022ACECA2400D62C5B /* Sources */ = {
			isa = PBXSourcesBuildPhase;
			buildActionMask = 2147483647;
			files = (
				29282E602AD0ACC400D62C5B /* UIImageView+Ext.swift in Sources */,
				29282E4E2ACEF5B500D62C5B /* Stats.swift in Sources */,
				29282E492ACEF2CD00D62C5B /* EndpointProtocol.swift in Sources */,
				29282EAF2AD1E18A00D62C5B /* ChartListViewController.swift in Sources */,
				29282E812AD1648000D62C5B /* BaseViews.swift in Sources */,
				29282E8F2AD19F8700D62C5B /* CryptoDetailViewController.swift in Sources */,
				29282EB22AD1E2F100D62C5B /* ChartListViewModel.swift in Sources */,
				29282EAB2AD1DEF700D62C5B /* ChartTableCell.swift in Sources */,
				29282EA12AD1B4D400D62C5B /* CryptoDetailInfoView.swift in Sources */,
				29282E0A2ACECA2400D62C5B /* AppDelegate.swift in Sources */,
				29282E7C2AD1644200D62C5B /* CryptoListHeaderView.swift in Sources */,
				29282E4C2ACEF45700D62C5B /* Coin.swift in Sources */,
				29282E752AD0C7F500D62C5B /* ImageSVGDecoder.swift in Sources */,
				29282E892AD17EDA00D62C5B /* UIViewController+Ext.swift in Sources */,
				29282E772AD0D1F700D62C5B /* CryptoTableCellViewModel.swift in Sources */,
				29282E542ACEF7AC00D62C5B /* ServiceManager.swift in Sources */,
				29282E472ACEF00200D62C5B /* Endpoint.swift in Sources */,
				29282E502ACEF5D300D62C5B /* CoinResponseModel.swift in Sources */,
				29282E852AD1658B00D62C5B /* CryptoListViewModel.swift in Sources */,
				29282E562ACEFA3800D62C5B /* Services.swift in Sources */,
				29282E962AD1A71400D62C5B /* NavigationItem+Ext.swift in Sources */,
				29282E9A2AD1A8F600D62C5B /* CryptoDetailHeaderView.swift in Sources */,
				29282E922AD19F9B00D62C5B /* CryptoDetailViewModel.swift in Sources */,
				29282E9E2AD1B08F00D62C5B /* NSMutableAttributedString+Ext.swift in Sources */,
				29282E442ACECBF500D62C5B /* CryptoListViewController.swift in Sources */,
				29282E5A2AD0AA2E00D62C5B /* CryptoTableCell.swift in Sources */,
				29282EB42AD1E71E00D62C5B /* ChartTableCellViewModel.swift in Sources */,
				29282E8B2AD1884900D62C5B /* CryptoSortType.swift in Sources */,
			);
			runOnlyForDeploymentPostprocessing = 0;
		};
		29282E182ACECA2500D62C5B /* Sources */ = {
			isa = PBXSourcesBuildPhase;
			buildActionMask = 2147483647;
			files = (
				29282E212ACECA2500D62C5B /* oz_finance_appTests.swift in Sources */,
			);
			runOnlyForDeploymentPostprocessing = 0;
		};
		29282E222ACECA2500D62C5B /* Sources */ = {
			isa = PBXSourcesBuildPhase;
			buildActionMask = 2147483647;
			files = (
				29282E2D2ACECA2500D62C5B /* oz_finance_appUITestsLaunchTests.swift in Sources */,
				29282E2B2ACECA2500D62C5B /* oz_finance_appUITests.swift in Sources */,
			);
			runOnlyForDeploymentPostprocessing = 0;
		};
/* End PBXSourcesBuildPhase section */

/* Begin PBXTargetDependency section */
		29282E1E2ACECA2500D62C5B /* PBXTargetDependency */ = {
			isa = PBXTargetDependency;
			target = 29282E052ACECA2400D62C5B /* oz_finance_app */;
			targetProxy = 29282E1D2ACECA2500D62C5B /* PBXContainerItemProxy */;
		};
		29282E282ACECA2500D62C5B /* PBXTargetDependency */ = {
			isa = PBXTargetDependency;
			target = 29282E052ACECA2400D62C5B /* oz_finance_app */;
			targetProxy = 29282E272ACECA2500D62C5B /* PBXContainerItemProxy */;
		};
/* End PBXTargetDependency section */

/* Begin PBXVariantGroup section */
		29282E142ACECA2500D62C5B /* LaunchScreen.storyboard */ = {
			isa = PBXVariantGroup;
			children = (
				29282E152ACECA2500D62C5B /* Base */,
			);
			name = LaunchScreen.storyboard;
			sourceTree = "<group>";
		};
/* End PBXVariantGroup section */

/* Begin XCBuildConfiguration section */
		29282E2E2ACECA2500D62C5B /* Debug */ = {
			isa = XCBuildConfiguration;
			buildSettings = {
				ALWAYS_SEARCH_USER_PATHS = NO;
				CLANG_ANALYZER_NONNULL = YES;
				CLANG_ANALYZER_NUMBER_OBJECT_CONVERSION = YES_AGGRESSIVE;
				CLANG_CXX_LANGUAGE_STANDARD = "gnu++20";
				CLANG_ENABLE_MODULES = YES;
				CLANG_ENABLE_OBJC_ARC = YES;
				CLANG_ENABLE_OBJC_WEAK = YES;
				CLANG_WARN_BLOCK_CAPTURE_AUTORELEASING = YES;
				CLANG_WARN_BOOL_CONVERSION = YES;
				CLANG_WARN_COMMA = YES;
				CLANG_WARN_CONSTANT_CONVERSION = YES;
				CLANG_WARN_DEPRECATED_OBJC_IMPLEMENTATIONS = YES;
				CLANG_WARN_DIRECT_OBJC_ISA_USAGE = YES_ERROR;
				CLANG_WARN_DOCUMENTATION_COMMENTS = YES;
				CLANG_WARN_EMPTY_BODY = YES;
				CLANG_WARN_ENUM_CONVERSION = YES;
				CLANG_WARN_INFINITE_RECURSION = YES;
				CLANG_WARN_INT_CONVERSION = YES;
				CLANG_WARN_NON_LITERAL_NULL_CONVERSION = YES;
				CLANG_WARN_OBJC_IMPLICIT_RETAIN_SELF = YES;
				CLANG_WARN_OBJC_LITERAL_CONVERSION = YES;
				CLANG_WARN_OBJC_ROOT_CLASS = YES_ERROR;
				CLANG_WARN_QUOTED_INCLUDE_IN_FRAMEWORK_HEADER = YES;
				CLANG_WARN_RANGE_LOOP_ANALYSIS = YES;
				CLANG_WARN_STRICT_PROTOTYPES = YES;
				CLANG_WARN_SUSPICIOUS_MOVE = YES;
				CLANG_WARN_UNGUARDED_AVAILABILITY = YES_AGGRESSIVE;
				CLANG_WARN_UNREACHABLE_CODE = YES;
				CLANG_WARN__DUPLICATE_METHOD_MATCH = YES;
				COPY_PHASE_STRIP = NO;
				DEBUG_INFORMATION_FORMAT = dwarf;
				ENABLE_STRICT_OBJC_MSGSEND = YES;
				ENABLE_TESTABILITY = YES;
				GCC_C_LANGUAGE_STANDARD = gnu11;
				GCC_DYNAMIC_NO_PIC = NO;
				GCC_NO_COMMON_BLOCKS = YES;
				GCC_OPTIMIZATION_LEVEL = 0;
				GCC_PREPROCESSOR_DEFINITIONS = (
					"DEBUG=1",
					"$(inherited)",
				);
				GCC_WARN_64_TO_32_BIT_CONVERSION = YES;
				GCC_WARN_ABOUT_RETURN_TYPE = YES_ERROR;
				GCC_WARN_UNDECLARED_SELECTOR = YES;
				GCC_WARN_UNINITIALIZED_AUTOS = YES_AGGRESSIVE;
				GCC_WARN_UNUSED_FUNCTION = YES;
				GCC_WARN_UNUSED_VARIABLE = YES;
				IPHONEOS_DEPLOYMENT_TARGET = 16.4;
				MTL_ENABLE_DEBUG_INFO = INCLUDE_SOURCE;
				MTL_FAST_MATH = YES;
				ONLY_ACTIVE_ARCH = YES;
				SDKROOT = iphoneos;
				SWIFT_ACTIVE_COMPILATION_CONDITIONS = DEBUG;
				SWIFT_OPTIMIZATION_LEVEL = "-Onone";
			};
			name = Debug;
		};
		29282E2F2ACECA2500D62C5B /* Release */ = {
			isa = XCBuildConfiguration;
			buildSettings = {
				ALWAYS_SEARCH_USER_PATHS = NO;
				CLANG_ANALYZER_NONNULL = YES;
				CLANG_ANALYZER_NUMBER_OBJECT_CONVERSION = YES_AGGRESSIVE;
				CLANG_CXX_LANGUAGE_STANDARD = "gnu++20";
				CLANG_ENABLE_MODULES = YES;
				CLANG_ENABLE_OBJC_ARC = YES;
				CLANG_ENABLE_OBJC_WEAK = YES;
				CLANG_WARN_BLOCK_CAPTURE_AUTORELEASING = YES;
				CLANG_WARN_BOOL_CONVERSION = YES;
				CLANG_WARN_COMMA = YES;
				CLANG_WARN_CONSTANT_CONVERSION = YES;
				CLANG_WARN_DEPRECATED_OBJC_IMPLEMENTATIONS = YES;
				CLANG_WARN_DIRECT_OBJC_ISA_USAGE = YES_ERROR;
				CLANG_WARN_DOCUMENTATION_COMMENTS = YES;
				CLANG_WARN_EMPTY_BODY = YES;
				CLANG_WARN_ENUM_CONVERSION = YES;
				CLANG_WARN_INFINITE_RECURSION = YES;
				CLANG_WARN_INT_CONVERSION = YES;
				CLANG_WARN_NON_LITERAL_NULL_CONVERSION = YES;
				CLANG_WARN_OBJC_IMPLICIT_RETAIN_SELF = YES;
				CLANG_WARN_OBJC_LITERAL_CONVERSION = YES;
				CLANG_WARN_OBJC_ROOT_CLASS = YES_ERROR;
				CLANG_WARN_QUOTED_INCLUDE_IN_FRAMEWORK_HEADER = YES;
				CLANG_WARN_RANGE_LOOP_ANALYSIS = YES;
				CLANG_WARN_STRICT_PROTOTYPES = YES;
				CLANG_WARN_SUSPICIOUS_MOVE = YES;
				CLANG_WARN_UNGUARDED_AVAILABILITY = YES_AGGRESSIVE;
				CLANG_WARN_UNREACHABLE_CODE = YES;
				CLANG_WARN__DUPLICATE_METHOD_MATCH = YES;
				COPY_PHASE_STRIP = NO;
				DEBUG_INFORMATION_FORMAT = "dwarf-with-dsym";
				ENABLE_NS_ASSERTIONS = NO;
				ENABLE_STRICT_OBJC_MSGSEND = YES;
				GCC_C_LANGUAGE_STANDARD = gnu11;
				GCC_NO_COMMON_BLOCKS = YES;
				GCC_WARN_64_TO_32_BIT_CONVERSION = YES;
				GCC_WARN_ABOUT_RETURN_TYPE = YES_ERROR;
				GCC_WARN_UNDECLARED_SELECTOR = YES;
				GCC_WARN_UNINITIALIZED_AUTOS = YES_AGGRESSIVE;
				GCC_WARN_UNUSED_FUNCTION = YES;
				GCC_WARN_UNUSED_VARIABLE = YES;
				IPHONEOS_DEPLOYMENT_TARGET = 16.4;
				MTL_ENABLE_DEBUG_INFO = NO;
				MTL_FAST_MATH = YES;
				SDKROOT = iphoneos;
				SWIFT_COMPILATION_MODE = wholemodule;
				SWIFT_OPTIMIZATION_LEVEL = "-O";
				VALIDATE_PRODUCT = YES;
			};
			name = Release;
		};
		29282E312ACECA2500D62C5B /* Debug */ = {
			isa = XCBuildConfiguration;
			buildSettings = {
				ASSETCATALOG_COMPILER_APPICON_NAME = AppIcon;
				ASSETCATALOG_COMPILER_GLOBAL_ACCENT_COLOR_NAME = AccentColor;
				CODE_SIGN_STYLE = Automatic;
				CURRENT_PROJECT_VERSION = 1;
				DEVELOPMENT_TEAM = XV7TT5DZBM;
				GENERATE_INFOPLIST_FILE = YES;
				INFOPLIST_FILE = oz_finance_app/Info.plist;
				INFOPLIST_KEY_UIApplicationSupportsIndirectInputEvents = YES;
				INFOPLIST_KEY_UILaunchStoryboardName = LaunchScreen;
				INFOPLIST_KEY_UISupportedInterfaceOrientations_iPad = "UIInterfaceOrientationPortrait UIInterfaceOrientationPortraitUpsideDown UIInterfaceOrientationLandscapeLeft UIInterfaceOrientationLandscapeRight";
				INFOPLIST_KEY_UISupportedInterfaceOrientations_iPhone = "UIInterfaceOrientationPortrait UIInterfaceOrientationLandscapeLeft UIInterfaceOrientationLandscapeRight";
				IPHONEOS_DEPLOYMENT_TARGET = 13.0;
				LD_RUNPATH_SEARCH_PATHS = (
					"$(inherited)",
					"@executable_path/Frameworks",
				);
				MARKETING_VERSION = 1.0;
				PRODUCT_BUNDLE_IDENTIFIER = "com.muratcanaslan.oz-finance-app";
				PRODUCT_NAME = "$(TARGET_NAME)";
				SWIFT_EMIT_LOC_STRINGS = YES;
				SWIFT_VERSION = 5.0;
				TARGETED_DEVICE_FAMILY = "1,2";
			};
			name = Debug;
		};
		29282E322ACECA2500D62C5B /* Release */ = {
			isa = XCBuildConfiguration;
			buildSettings = {
				ASSETCATALOG_COMPILER_APPICON_NAME = AppIcon;
				ASSETCATALOG_COMPILER_GLOBAL_ACCENT_COLOR_NAME = AccentColor;
				CODE_SIGN_STYLE = Automatic;
				CURRENT_PROJECT_VERSION = 1;
				DEVELOPMENT_TEAM = XV7TT5DZBM;
				GENERATE_INFOPLIST_FILE = YES;
				INFOPLIST_FILE = oz_finance_app/Info.plist;
				INFOPLIST_KEY_UIApplicationSupportsIndirectInputEvents = YES;
				INFOPLIST_KEY_UILaunchStoryboardName = LaunchScreen;
				INFOPLIST_KEY_UISupportedInterfaceOrientations_iPad = "UIInterfaceOrientationPortrait UIInterfaceOrientationPortraitUpsideDown UIInterfaceOrientationLandscapeLeft UIInterfaceOrientationLandscapeRight";
				INFOPLIST_KEY_UISupportedInterfaceOrientations_iPhone = "UIInterfaceOrientationPortrait UIInterfaceOrientationLandscapeLeft UIInterfaceOrientationLandscapeRight";
				IPHONEOS_DEPLOYMENT_TARGET = 13.0;
				LD_RUNPATH_SEARCH_PATHS = (
					"$(inherited)",
					"@executable_path/Frameworks",
				);
				MARKETING_VERSION = 1.0;
				PRODUCT_BUNDLE_IDENTIFIER = "com.muratcanaslan.oz-finance-app";
				PRODUCT_NAME = "$(TARGET_NAME)";
				SWIFT_EMIT_LOC_STRINGS = YES;
				SWIFT_VERSION = 5.0;
				TARGETED_DEVICE_FAMILY = "1,2";
			};
			name = Release;
		};
		29282E342ACECA2500D62C5B /* Debug */ = {
			isa = XCBuildConfiguration;
			buildSettings = {
				ALWAYS_EMBED_SWIFT_STANDARD_LIBRARIES = YES;
				BUNDLE_LOADER = "$(TEST_HOST)";
				CODE_SIGN_STYLE = Automatic;
				CURRENT_PROJECT_VERSION = 1;
				DEVELOPMENT_TEAM = XV7TT5DZBM;
				GENERATE_INFOPLIST_FILE = YES;
				IPHONEOS_DEPLOYMENT_TARGET = 16.4;
				MARKETING_VERSION = 1.0;
				PRODUCT_BUNDLE_IDENTIFIER = "com.muratcanaslan.oz-finance-appTests";
				PRODUCT_NAME = "$(TARGET_NAME)";
				SWIFT_EMIT_LOC_STRINGS = NO;
				SWIFT_VERSION = 5.0;
				TARGETED_DEVICE_FAMILY = "1,2";
				TEST_HOST = "$(BUILT_PRODUCTS_DIR)/oz_finance_app.app/$(BUNDLE_EXECUTABLE_FOLDER_PATH)/oz_finance_app";
			};
			name = Debug;
		};
		29282E352ACECA2500D62C5B /* Release */ = {
			isa = XCBuildConfiguration;
			buildSettings = {
				ALWAYS_EMBED_SWIFT_STANDARD_LIBRARIES = YES;
				BUNDLE_LOADER = "$(TEST_HOST)";
				CODE_SIGN_STYLE = Automatic;
				CURRENT_PROJECT_VERSION = 1;
				DEVELOPMENT_TEAM = XV7TT5DZBM;
				GENERATE_INFOPLIST_FILE = YES;
				IPHONEOS_DEPLOYMENT_TARGET = 16.4;
				MARKETING_VERSION = 1.0;
				PRODUCT_BUNDLE_IDENTIFIER = "com.muratcanaslan.oz-finance-appTests";
				PRODUCT_NAME = "$(TARGET_NAME)";
				SWIFT_EMIT_LOC_STRINGS = NO;
				SWIFT_VERSION = 5.0;
				TARGETED_DEVICE_FAMILY = "1,2";
				TEST_HOST = "$(BUILT_PRODUCTS_DIR)/oz_finance_app.app/$(BUNDLE_EXECUTABLE_FOLDER_PATH)/oz_finance_app";
			};
			name = Release;
		};
		29282E372ACECA2500D62C5B /* Debug */ = {
			isa = XCBuildConfiguration;
			buildSettings = {
				ALWAYS_EMBED_SWIFT_STANDARD_LIBRARIES = YES;
				CODE_SIGN_STYLE = Automatic;
				CURRENT_PROJECT_VERSION = 1;
				DEVELOPMENT_TEAM = XV7TT5DZBM;
				GENERATE_INFOPLIST_FILE = YES;
				MARKETING_VERSION = 1.0;
				PRODUCT_BUNDLE_IDENTIFIER = "com.muratcanaslan.oz-finance-appUITests";
				PRODUCT_NAME = "$(TARGET_NAME)";
				SWIFT_EMIT_LOC_STRINGS = NO;
				SWIFT_VERSION = 5.0;
				TARGETED_DEVICE_FAMILY = "1,2";
				TEST_TARGET_NAME = oz_finance_app;
			};
			name = Debug;
		};
		29282E382ACECA2500D62C5B /* Release */ = {
			isa = XCBuildConfiguration;
			buildSettings = {
				ALWAYS_EMBED_SWIFT_STANDARD_LIBRARIES = YES;
				CODE_SIGN_STYLE = Automatic;
				CURRENT_PROJECT_VERSION = 1;
				DEVELOPMENT_TEAM = XV7TT5DZBM;
				GENERATE_INFOPLIST_FILE = YES;
				MARKETING_VERSION = 1.0;
				PRODUCT_BUNDLE_IDENTIFIER = "com.muratcanaslan.oz-finance-appUITests";
				PRODUCT_NAME = "$(TARGET_NAME)";
				SWIFT_EMIT_LOC_STRINGS = NO;
				SWIFT_VERSION = 5.0;
				TARGETED_DEVICE_FAMILY = "1,2";
				TEST_TARGET_NAME = oz_finance_app;
			};
			name = Release;
		};
/* End XCBuildConfiguration section */

/* Begin XCConfigurationList section */
		29282E012ACECA2400D62C5B /* Build configuration list for PBXProject "oz_finance_app" */ = {
			isa = XCConfigurationList;
			buildConfigurations = (
				29282E2E2ACECA2500D62C5B /* Debug */,
				29282E2F2ACECA2500D62C5B /* Release */,
			);
			defaultConfigurationIsVisible = 0;
			defaultConfigurationName = Release;
		};
		29282E302ACECA2500D62C5B /* Build configuration list for PBXNativeTarget "oz_finance_app" */ = {
			isa = XCConfigurationList;
			buildConfigurations = (
				29282E312ACECA2500D62C5B /* Debug */,
				29282E322ACECA2500D62C5B /* Release */,
			);
			defaultConfigurationIsVisible = 0;
			defaultConfigurationName = Release;
		};
		29282E332ACECA2500D62C5B /* Build configuration list for PBXNativeTarget "oz_finance_appTests" */ = {
			isa = XCConfigurationList;
			buildConfigurations = (
				29282E342ACECA2500D62C5B /* Debug */,
				29282E352ACECA2500D62C5B /* Release */,
			);
			defaultConfigurationIsVisible = 0;
			defaultConfigurationName = Release;
		};
		29282E362ACECA2500D62C5B /* Build configuration list for PBXNativeTarget "oz_finance_appUITests" */ = {
			isa = XCConfigurationList;
			buildConfigurations = (
				29282E372ACECA2500D62C5B /* Debug */,
				29282E382ACECA2500D62C5B /* Release */,
			);
			defaultConfigurationIsVisible = 0;
			defaultConfigurationName = Release;
		};
/* End XCConfigurationList section */

/* Begin XCRemoteSwiftPackageReference section */
		29282E6D2AD0C4C900D62C5B /* XCRemoteSwiftPackageReference "SDWebImage" */ = {
			isa = XCRemoteSwiftPackageReference;
			repositoryURL = "https://github.com/SDWebImage/SDWebImage";
			requirement = {
				kind = upToNextMajorVersion;
				minimumVersion = 5.0.0;
			};
		};
		29282E702AD0C68E00D62C5B /* XCRemoteSwiftPackageReference "SDWebImageSVGCoder" */ = {
			isa = XCRemoteSwiftPackageReference;
			repositoryURL = "https://github.com/SDWebImage/SDWebImageSVGCoder";
			requirement = {
				kind = upToNextMajorVersion;
				minimumVersion = 1.0.0;
			};
		};
		29282E7D2AD1646E00D62C5B /* XCRemoteSwiftPackageReference "Reusable" */ = {
			isa = XCRemoteSwiftPackageReference;
			repositoryURL = "https://github.com/AliSoftware/Reusable";
			requirement = {
				kind = upToNextMajorVersion;
				minimumVersion = 4.0.0;
			};
		};
/* End XCRemoteSwiftPackageReference section */

/* Begin XCSwiftPackageProductDependency section */
		29282E6E2AD0C4C900D62C5B /* SDWebImage */ = {
			isa = XCSwiftPackageProductDependency;
			package = 29282E6D2AD0C4C900D62C5B /* XCRemoteSwiftPackageReference "SDWebImage" */;
			productName = SDWebImage;
		};
		29282E712AD0C68E00D62C5B /* SDWebImageSVGCoder */ = {
			isa = XCSwiftPackageProductDependency;
			package = 29282E702AD0C68E00D62C5B /* XCRemoteSwiftPackageReference "SDWebImageSVGCoder" */;
			productName = SDWebImageSVGCoder;
		};
		29282E7E2AD1646E00D62C5B /* Reusable */ = {
			isa = XCSwiftPackageProductDependency;
			package = 29282E7D2AD1646E00D62C5B /* XCRemoteSwiftPackageReference "Reusable" */;
			productName = Reusable;
		};
/* End XCSwiftPackageProductDependency section */
	};
	rootObject = 29282DFE2ACECA2400D62C5B /* Project object */;
}
