{
  "pins" : [
    {
      "identity" : "sdwebimage",
      "kind" : "remoteSourceControl",
      "location" : "https://github.com/SDWebImage/SDWebImage",
      "state" : {
        "revision" : "936f1c7067728d16c362ba4fb93c17df78b5fd79",
        "version" : "5.18.2"
      }
    },
    {
      "identity" : "sdwebimagesvgcoder",
      "kind" : "remoteSourceControl",
      "location" : "https://github.com/SDWebImage/SDWebImageSVGCoder",
      "state" : {
        "revision" : "950167445ab703740569869c8b7510efc9d09a26",
        "version" : "1.7.0"
      }
    }
  ],
  "version" : 2
}
